PODS:
  - BMPlayer/CacheSupport (1.3.0):
    - BMPlayer/Core
    - NVActivityIndicatorView (~> 4.7.0)
    - SnapKit (~> 5.0.0)
    - VIMediaCache
  - BMPlayer/Core (1.3.0)
  - NVActivityIndicatorView (4.7.0):
    - NVActivityIndicatorView/Presenter (= 4.7.0)
  - NVActivityIndicatorView/Presenter (4.7.0)
  - SnapKit (5.0.0)
  - SwipeBack (1.1.1)
  - VIMediaCache (0.4)

DEPENDENCIES:
  - BMPlayer/CacheSupport (from `../`)
  - SwipeBack

SPEC REPOS:
  https://github.com/cocoapods/specs.git:
    - NVActivityIndicatorView
    - SnapKit
    - SwipeBack
    - VIMediaCache

EXTERNAL SOURCES:
  BMPlayer:
    :path: "../"

SPEC CHECKSUMS:
  BMPlayer: 92a1c2a721694ba6ab107661e7aff670909671c6
  NVActivityIndicatorView: b19ddab2576f805cbe0fb2306cba3476e09a1dea
  SnapKit: fd22d10eb9aff484d79a8724eab922c1ddf89bcf
  SwipeBack: d6759601b40da1f4161033feb30ab475d7d04322
  VIMediaCache: aa650f82cb114c68a343beb4e67416cf5eb2f3a2

PODFILE CHECKSUM: 8d8c62882064f74fa5f1c85343d9ba80417cc081

COCOAPODS: 1.6.1
