PODS:
  - BMPlayer/CacheSupport (1.2.1):
    - BMPlayer/Core
    - NVActivityIndicatorView (~> 4.7.0)
    - SnapKit (~> 5.0.0)
    - VIMediaCache
  - BMPlayer/Core (1.2.1)
  - NVActivityIndicatorView (4.7.0):
    - NVActivityIndicatorView/Presenter (= 4.7.0)
  - NVActivityIndicatorView/Presenter (4.7.0)
  - Reveal-SDK (22)
  - SnapKit (5.0.0)
  - SwipeBack (1.1.1)
  - VIMediaCache (0.4)

DEPENDENCIES:
  - BMPlayer/CacheSupport (from `../`)
  - Reveal-SDK
  - SwipeBack

SPEC REPOS:
  https://github.com/cocoapods/specs.git:
    - NVActivityIndicatorView
    - Reveal-SDK
    - SnapKit
    - SwipeBack
    - VIMediaCache

EXTERNAL SOURCES:
  BMPlayer:
    :path: "../"

SPEC CHECKSUMS:
  BMPlayer: ea61ce7332a6a9c9f1287598b0838e5c91952c29
  NVActivityIndicatorView: b19ddab2576f805cbe0fb2306cba3476e09a1dea
  Reveal-SDK: 1385ab77aa15e9a3e21f798c74bd8e94cb54c651
  SnapKit: fd22d10eb9aff484d79a8724eab922c1ddf89bcf
  SwipeBack: d6759601b40da1f4161033feb30ab475d7d04322
  VIMediaCache: aa650f82cb114c68a343beb4e67416cf5eb2f3a2

PODFILE CHECKSUM: e66c01a79736fc724a4cc4cebeac12108b2b73e2

COCOAPODS: 1.6.1
