PODS:
  - BMPlayer/CacheSupport (1.0.0):
    - BMPlayer/Core
    - NVActivityIndicatorView (~> 4.0.0)
    - SnapKit (~> 4.0.0)
    - VIMediaCache
  - BMPlayer/Core (1.0.0)
  - NVActivityIndicatorView (4.0.0):
    - NVActivityIndicatorView/Presenter (= 4.0.0)
  - NVActivityIndicatorView/Presenter (4.0.0)
  - Reveal-SDK (11)
  - SnapKit (4.0.0)
  - SwipeBack (1.1.1)
  - VIMediaCache (0.3)

DEPENDENCIES:
  - BMPlayer/CacheSupport (from `../`)
  - Reveal-SDK
  - SwipeBack

EXTERNAL SOURCES:
  BMPlayer:
    :path: ../

SPEC CHECKSUMS:
  BMPlayer: d49b916bc794706e65adde2dcf9e5280a9e30991
  NVActivityIndicatorView: 54c9b93b6f25a4f467512680c0c90c09a1095cf2
  Reveal-SDK: 7fa13d04bb55db61ff2342a990cf731d5159361d
  SnapKit: a42d492c16e80209130a3379f73596c3454b7694
  SwipeBack: d6759601b40da1f4161033feb30ab475d7d04322
  VIMediaCache: 02c03af2adf2526eddc8ee3b06e41f26e9546f38

PODFILE CHECKSUM: de0a8818c1b74390b7c88fac79721798a8f20b23

COCOAPODS: 1.3.1
