// !$*UTF8*$!
{
	archiveVersion = 1;
	classes = {
	};
	objectVersion = 46;
	objects = {

/* Begin PBXBuildFile section */
		6A7D57161D92D91600D7DEB7 /* NVActivityIndicatorView.framework in Frameworks */ = {isa = PBXBuildFile; fileRef = 6A7D57151D92D91600D7DEB7 /* NVActivityIndicatorView.framework */; };
		6A7D57181D92D92300D7DEB7 /* SnapKit.framework in Frameworks */ = {isa = PBXBuildFile; fileRef = 6A7D57171D92D92300D7DEB7 /* SnapKit.framework */; };
		6AB3C8091D92D2F200B2E2D9 /* BMPlayer.framework in Frameworks */ = {isa = PBXBuildFile; fileRef = 6AB3C7FF1D92D2F200B2E2D9 /* BMPlayer.framework */; };
		6AB3C80E1D92D2F200B2E2D9 /* BMPlayerTests.swift in Sources */ = {isa = PBXBuildFile; fileRef = 6AB3C80D1D92D2F200B2E2D9 /* BMPlayerTests.swift */; };
		6AB3C8101D92D2F200B2E2D9 /* BMPlayer.h in Headers */ = {isa = PBXBuildFile; fileRef = 6AB3C8021D92D2F200B2E2D9 /* BMPlayer.h */; settings = {ATTRIBUTES = (Public, ); }; };
		6AB3C8241D92D37100B2E2D9 /* .gitkeep in Resources */ = {isa = PBXBuildFile; fileRef = 6AB3C81C1D92D37100B2E2D9 /* .gitkeep */; };
		6AB3C8251D92D37100B2E2D9 /* BMPlayer.swift in Sources */ = {isa = PBXBuildFile; fileRef = 6AB3C81D1D92D37100B2E2D9 /* BMPlayer.swift */; };
		6AB3C8261D92D37100B2E2D9 /* BMPlayerClearityChooseButton.swift in Sources */ = {isa = PBXBuildFile; fileRef = 6AB3C81E1D92D37100B2E2D9 /* BMPlayerClearityChooseButton.swift */; };
		6AB3C8271D92D37100B2E2D9 /* BMPlayerControlView.swift in Sources */ = {isa = PBXBuildFile; fileRef = 6AB3C81F1D92D37100B2E2D9 /* BMPlayerControlView.swift */; };
		6AB3C8281D92D37100B2E2D9 /* BMPlayerItem.swift in Sources */ = {isa = PBXBuildFile; fileRef = 6AB3C8201D92D37100B2E2D9 /* BMPlayerItem.swift */; };
		6AB3C8291D92D37100B2E2D9 /* BMPlayerLayerView.swift in Sources */ = {isa = PBXBuildFile; fileRef = 6AB3C8211D92D37100B2E2D9 /* BMPlayerLayerView.swift */; };
		6AB3C82A1D92D37100B2E2D9 /* BMPlayerManager.swift in Sources */ = {isa = PBXBuildFile; fileRef = 6AB3C8221D92D37100B2E2D9 /* BMPlayerManager.swift */; };
		6AB3C82B1D92D37100B2E2D9 /* BMPlayerProtocols.swift in Sources */ = {isa = PBXBuildFile; fileRef = 6AB3C8231D92D37100B2E2D9 /* BMPlayerProtocols.swift */; };
		6AB3C8461D92D37F00B2E2D9 /* .gitkeep in Resources */ = {isa = PBXBuildFile; fileRef = 6AB3C82D1D92D37F00B2E2D9 /* .gitkeep */; };
		6AB3C8471D92D37F00B2E2D9 /* BMPlayer_169@2x.png in Resources */ = {isa = PBXBuildFile; fileRef = 6AB3C82E1D92D37F00B2E2D9 /* BMPlayer_169@2x.png */; };
		6AB3C8481D92D37F00B2E2D9 /* BMPlayer_169@3x.png in Resources */ = {isa = PBXBuildFile; fileRef = 6AB3C82F1D92D37F00B2E2D9 /* BMPlayer_169@3x.png */; };
		6AB3C8491D92D37F00B2E2D9 /* BMPlayer_43@2x.png in Resources */ = {isa = PBXBuildFile; fileRef = 6AB3C8301D92D37F00B2E2D9 /* BMPlayer_43@2x.png */; };
		6AB3C84A1D92D37F00B2E2D9 /* BMPlayer_43@3x.png in Resources */ = {isa = PBXBuildFile; fileRef = 6AB3C8311D92D37F00B2E2D9 /* BMPlayer_43@3x.png */; };
		6AB3C84B1D92D37F00B2E2D9 /* BMPlayer_back@2x.png in Resources */ = {isa = PBXBuildFile; fileRef = 6AB3C8321D92D37F00B2E2D9 /* BMPlayer_back@2x.png */; };
		6AB3C84C1D92D37F00B2E2D9 /* BMPlayer_back@3x.png in Resources */ = {isa = PBXBuildFile; fileRef = 6AB3C8331D92D37F00B2E2D9 /* BMPlayer_back@3x.png */; };
		6AB3C84D1D92D37F00B2E2D9 /* BMPlayer_fullscreen@2x.png in Resources */ = {isa = PBXBuildFile; fileRef = 6AB3C8341D92D37F00B2E2D9 /* BMPlayer_fullscreen@2x.png */; };
		6AB3C84E1D92D37F00B2E2D9 /* BMPlayer_fullscreen@3x.png in Resources */ = {isa = PBXBuildFile; fileRef = 6AB3C8351D92D37F00B2E2D9 /* BMPlayer_fullscreen@3x.png */; };
		6AB3C84F1D92D37F00B2E2D9 /* BMPlayer_mask_image@2x.png in Resources */ = {isa = PBXBuildFile; fileRef = 6AB3C8361D92D37F00B2E2D9 /* BMPlayer_mask_image@2x.png */; };
		6AB3C8501D92D37F00B2E2D9 /* BMPlayer_mask_image@3x.png in Resources */ = {isa = PBXBuildFile; fileRef = 6AB3C8371D92D37F00B2E2D9 /* BMPlayer_mask_image@3x.png */; };
		6AB3C8511D92D37F00B2E2D9 /* BMPlayer_pause@2x.png in Resources */ = {isa = PBXBuildFile; fileRef = 6AB3C8381D92D37F00B2E2D9 /* BMPlayer_pause@2x.png */; };
		6AB3C8521D92D37F00B2E2D9 /* BMPlayer_pause@3x.png in Resources */ = {isa = PBXBuildFile; fileRef = 6AB3C8391D92D37F00B2E2D9 /* BMPlayer_pause@3x.png */; };
		6AB3C8531D92D37F00B2E2D9 /* BMPlayer_play@2x.png in Resources */ = {isa = PBXBuildFile; fileRef = 6AB3C83A1D92D37F00B2E2D9 /* BMPlayer_play@2x.png */; };
		6AB3C8541D92D37F00B2E2D9 /* BMPlayer_play@3x.png in Resources */ = {isa = PBXBuildFile; fileRef = 6AB3C83B1D92D37F00B2E2D9 /* BMPlayer_play@3x.png */; };
		6AB3C8551D92D37F00B2E2D9 /* BMPlayer_portialscreen@2x.png in Resources */ = {isa = PBXBuildFile; fileRef = 6AB3C83C1D92D37F00B2E2D9 /* BMPlayer_portialscreen@2x.png */; };
		6AB3C8561D92D37F00B2E2D9 /* BMPlayer_portialscreen@3x.png in Resources */ = {isa = PBXBuildFile; fileRef = 6AB3C83D1D92D37F00B2E2D9 /* BMPlayer_portialscreen@3x.png */; };
		6AB3C8571D92D37F00B2E2D9 /* BMPlayer_ratio@2x.png in Resources */ = {isa = PBXBuildFile; fileRef = 6AB3C83E1D92D37F00B2E2D9 /* BMPlayer_ratio@2x.png */; };
		6AB3C8581D92D37F00B2E2D9 /* BMPlayer_ratio@3x.png in Resources */ = {isa = PBXBuildFile; fileRef = 6AB3C83F1D92D37F00B2E2D9 /* BMPlayer_ratio@3x.png */; };
		6AB3C8591D92D37F00B2E2D9 /* BMPlayer_replay@2x.png in Resources */ = {isa = PBXBuildFile; fileRef = 6AB3C8401D92D37F00B2E2D9 /* BMPlayer_replay@2x.png */; };
		6AB3C85A1D92D37F00B2E2D9 /* BMPlayer_replay@3x.png in Resources */ = {isa = PBXBuildFile; fileRef = 6AB3C8411D92D37F00B2E2D9 /* BMPlayer_replay@3x.png */; };
		6AB3C85B1D92D37F00B2E2D9 /* BMPlayer_seek_to_image@2x.png in Resources */ = {isa = PBXBuildFile; fileRef = 6AB3C8421D92D37F00B2E2D9 /* BMPlayer_seek_to_image@2x.png */; };
		6AB3C85C1D92D37F00B2E2D9 /* BMPlayer_seek_to_image@3x.png in Resources */ = {isa = PBXBuildFile; fileRef = 6AB3C8431D92D37F00B2E2D9 /* BMPlayer_seek_to_image@3x.png */; };
		6AB3C85D1D92D37F00B2E2D9 /* BMPlayer_slider_thumb@2x.png in Resources */ = {isa = PBXBuildFile; fileRef = 6AB3C8441D92D37F00B2E2D9 /* BMPlayer_slider_thumb@2x.png */; };
		6AB3C85E1D92D37F00B2E2D9 /* BMPlayer_slider_thumb@3x.png in Resources */ = {isa = PBXBuildFile; fileRef = 6AB3C8451D92D37F00B2E2D9 /* BMPlayer_slider_thumb@3x.png */; };
/* End PBXBuildFile section */

/* Begin PBXContainerItemProxy section */
		6AB3C80A1D92D2F200B2E2D9 /* PBXContainerItemProxy */ = {
			isa = PBXContainerItemProxy;
			containerPortal = 6AB3C7F61D92D2F200B2E2D9 /* Project object */;
			proxyType = 1;
			remoteGlobalIDString = 6AB3C7FE1D92D2F200B2E2D9;
			remoteInfo = BMPlayer;
		};
/* End PBXContainerItemProxy section */

/* Begin PBXFileReference section */
		6A7D57151D92D91600D7DEB7 /* NVActivityIndicatorView.framework */ = {isa = PBXFileReference; lastKnownFileType = wrapper.framework; name = NVActivityIndicatorView.framework; path = Carthage/Build/iOS/NVActivityIndicatorView.framework; sourceTree = "<group>"; };
		6A7D57171D92D92300D7DEB7 /* SnapKit.framework */ = {isa = PBXFileReference; lastKnownFileType = wrapper.framework; name = SnapKit.framework; path = Carthage/Build/iOS/SnapKit.framework; sourceTree = "<group>"; };
		6AB3C7FF1D92D2F200B2E2D9 /* BMPlayer.framework */ = {isa = PBXFileReference; explicitFileType = wrapper.framework; includeInIndex = 0; path = BMPlayer.framework; sourceTree = BUILT_PRODUCTS_DIR; };
		6AB3C8021D92D2F200B2E2D9 /* BMPlayer.h */ = {isa = PBXFileReference; lastKnownFileType = sourcecode.c.h; path = BMPlayer.h; sourceTree = "<group>"; };
		6AB3C8031D92D2F200B2E2D9 /* Info.plist */ = {isa = PBXFileReference; lastKnownFileType = text.plist.xml; path = Info.plist; sourceTree = "<group>"; };
		6AB3C8081D92D2F200B2E2D9 /* BMPlayerTests.xctest */ = {isa = PBXFileReference; explicitFileType = wrapper.cfbundle; includeInIndex = 0; path = BMPlayerTests.xctest; sourceTree = BUILT_PRODUCTS_DIR; };
		6AB3C80D1D92D2F200B2E2D9 /* BMPlayerTests.swift */ = {isa = PBXFileReference; lastKnownFileType = sourcecode.swift; path = BMPlayerTests.swift; sourceTree = "<group>"; };
		6AB3C80F1D92D2F200B2E2D9 /* Info.plist */ = {isa = PBXFileReference; lastKnownFileType = text.plist.xml; path = Info.plist; sourceTree = "<group>"; };
		6AB3C81C1D92D37100B2E2D9 /* .gitkeep */ = {isa = PBXFileReference; fileEncoding = 4; lastKnownFileType = text; path = .gitkeep; sourceTree = "<group>"; };
		6AB3C81D1D92D37100B2E2D9 /* BMPlayer.swift */ = {isa = PBXFileReference; fileEncoding = 4; lastKnownFileType = sourcecode.swift; path = BMPlayer.swift; sourceTree = "<group>"; };
		6AB3C81E1D92D37100B2E2D9 /* BMPlayerClearityChooseButton.swift */ = {isa = PBXFileReference; fileEncoding = 4; lastKnownFileType = sourcecode.swift; path = BMPlayerClearityChooseButton.swift; sourceTree = "<group>"; };
		6AB3C81F1D92D37100B2E2D9 /* BMPlayerControlView.swift */ = {isa = PBXFileReference; fileEncoding = 4; lastKnownFileType = sourcecode.swift; path = BMPlayerControlView.swift; sourceTree = "<group>"; };
		6AB3C8201D92D37100B2E2D9 /* BMPlayerItem.swift */ = {isa = PBXFileReference; fileEncoding = 4; lastKnownFileType = sourcecode.swift; path = BMPlayerItem.swift; sourceTree = "<group>"; };
		6AB3C8211D92D37100B2E2D9 /* BMPlayerLayerView.swift */ = {isa = PBXFileReference; fileEncoding = 4; lastKnownFileType = sourcecode.swift; path = BMPlayerLayerView.swift; sourceTree = "<group>"; };
		6AB3C8221D92D37100B2E2D9 /* BMPlayerManager.swift */ = {isa = PBXFileReference; fileEncoding = 4; lastKnownFileType = sourcecode.swift; path = BMPlayerManager.swift; sourceTree = "<group>"; };
		6AB3C8231D92D37100B2E2D9 /* BMPlayerProtocols.swift */ = {isa = PBXFileReference; fileEncoding = 4; lastKnownFileType = sourcecode.swift; path = BMPlayerProtocols.swift; sourceTree = "<group>"; };
		6AB3C82D1D92D37F00B2E2D9 /* .gitkeep */ = {isa = PBXFileReference; fileEncoding = 4; lastKnownFileType = text; path = .gitkeep; sourceTree = "<group>"; };
		6AB3C82E1D92D37F00B2E2D9 /* BMPlayer_169@2x.png */ = {isa = PBXFileReference; lastKnownFileType = image.png; path = "BMPlayer_169@2x.png"; sourceTree = "<group>"; };
		6AB3C82F1D92D37F00B2E2D9 /* BMPlayer_169@3x.png */ = {isa = PBXFileReference; lastKnownFileType = image.png; path = "BMPlayer_169@3x.png"; sourceTree = "<group>"; };
		6AB3C8301D92D37F00B2E2D9 /* BMPlayer_43@2x.png */ = {isa = PBXFileReference; lastKnownFileType = image.png; path = "BMPlayer_43@2x.png"; sourceTree = "<group>"; };
		6AB3C8311D92D37F00B2E2D9 /* BMPlayer_43@3x.png */ = {isa = PBXFileReference; lastKnownFileType = image.png; path = "BMPlayer_43@3x.png"; sourceTree = "<group>"; };
		6AB3C8321D92D37F00B2E2D9 /* BMPlayer_back@2x.png */ = {isa = PBXFileReference; lastKnownFileType = image.png; path = "BMPlayer_back@2x.png"; sourceTree = "<group>"; };
		6AB3C8331D92D37F00B2E2D9 /* BMPlayer_back@3x.png */ = {isa = PBXFileReference; lastKnownFileType = image.png; path = "BMPlayer_back@3x.png"; sourceTree = "<group>"; };
		6AB3C8341D92D37F00B2E2D9 /* BMPlayer_fullscreen@2x.png */ = {isa = PBXFileReference; lastKnownFileType = image.png; path = "BMPlayer_fullscreen@2x.png"; sourceTree = "<group>"; };
		6AB3C8351D92D37F00B2E2D9 /* BMPlayer_fullscreen@3x.png */ = {isa = PBXFileReference; lastKnownFileType = image.png; path = "BMPlayer_fullscreen@3x.png"; sourceTree = "<group>"; };
		6AB3C8361D92D37F00B2E2D9 /* BMPlayer_mask_image@2x.png */ = {isa = PBXFileReference; lastKnownFileType = image.png; path = "BMPlayer_mask_image@2x.png"; sourceTree = "<group>"; };
		6AB3C8371D92D37F00B2E2D9 /* BMPlayer_mask_image@3x.png */ = {isa = PBXFileReference; lastKnownFileType = image.png; path = "BMPlayer_mask_image@3x.png"; sourceTree = "<group>"; };
		6AB3C8381D92D37F00B2E2D9 /* BMPlayer_pause@2x.png */ = {isa = PBXFileReference; lastKnownFileType = image.png; path = "BMPlayer_pause@2x.png"; sourceTree = "<group>"; };
		6AB3C8391D92D37F00B2E2D9 /* BMPlayer_pause@3x.png */ = {isa = PBXFileReference; lastKnownFileType = image.png; path = "BMPlayer_pause@3x.png"; sourceTree = "<group>"; };
		6AB3C83A1D92D37F00B2E2D9 /* BMPlayer_play@2x.png */ = {isa = PBXFileReference; lastKnownFileType = image.png; path = "BMPlayer_play@2x.png"; sourceTree = "<group>"; };
		6AB3C83B1D92D37F00B2E2D9 /* BMPlayer_play@3x.png */ = {isa = PBXFileReference; lastKnownFileType = image.png; path = "BMPlayer_play@3x.png"; sourceTree = "<group>"; };
		6AB3C83C1D92D37F00B2E2D9 /* BMPlayer_portialscreen@2x.png */ = {isa = PBXFileReference; lastKnownFileType = image.png; path = "BMPlayer_portialscreen@2x.png"; sourceTree = "<group>"; };
		6AB3C83D1D92D37F00B2E2D9 /* BMPlayer_portialscreen@3x.png */ = {isa = PBXFileReference; lastKnownFileType = image.png; path = "BMPlayer_portialscreen@3x.png"; sourceTree = "<group>"; };
		6AB3C83E1D92D37F00B2E2D9 /* BMPlayer_ratio@2x.png */ = {isa = PBXFileReference; lastKnownFileType = image.png; path = "BMPlayer_ratio@2x.png"; sourceTree = "<group>"; };
		6AB3C83F1D92D37F00B2E2D9 /* BMPlayer_ratio@3x.png */ = {isa = PBXFileReference; lastKnownFileType = image.png; path = "BMPlayer_ratio@3x.png"; sourceTree = "<group>"; };
		6AB3C8401D92D37F00B2E2D9 /* BMPlayer_replay@2x.png */ = {isa = PBXFileReference; lastKnownFileType = image.png; path = "BMPlayer_replay@2x.png"; sourceTree = "<group>"; };
		6AB3C8411D92D37F00B2E2D9 /* BMPlayer_replay@3x.png */ = {isa = PBXFileReference; lastKnownFileType = image.png; path = "BMPlayer_replay@3x.png"; sourceTree = "<group>"; };
		6AB3C8421D92D37F00B2E2D9 /* BMPlayer_seek_to_image@2x.png */ = {isa = PBXFileReference; lastKnownFileType = image.png; path = "BMPlayer_seek_to_image@2x.png"; sourceTree = "<group>"; };
		6AB3C8431D92D37F00B2E2D9 /* BMPlayer_seek_to_image@3x.png */ = {isa = PBXFileReference; lastKnownFileType = image.png; path = "BMPlayer_seek_to_image@3x.png"; sourceTree = "<group>"; };
		6AB3C8441D92D37F00B2E2D9 /* BMPlayer_slider_thumb@2x.png */ = {isa = PBXFileReference; lastKnownFileType = image.png; path = "BMPlayer_slider_thumb@2x.png"; sourceTree = "<group>"; };
		6AB3C8451D92D37F00B2E2D9 /* BMPlayer_slider_thumb@3x.png */ = {isa = PBXFileReference; lastKnownFileType = image.png; path = "BMPlayer_slider_thumb@3x.png"; sourceTree = "<group>"; };
/* End PBXFileReference section */

/* Begin PBXFrameworksBuildPhase section */
		6AB3C7FB1D92D2F200B2E2D9 /* Frameworks */ = {
			isa = PBXFrameworksBuildPhase;
			buildActionMask = 2147483647;
			files = (
				6A7D57181D92D92300D7DEB7 /* SnapKit.framework in Frameworks */,
				6A7D57161D92D91600D7DEB7 /* NVActivityIndicatorView.framework in Frameworks */,
			);
			runOnlyForDeploymentPostprocessing = 0;
		};
		6AB3C8051D92D2F200B2E2D9 /* Frameworks */ = {
			isa = PBXFrameworksBuildPhase;
			buildActionMask = 2147483647;
			files = (
				6AB3C8091D92D2F200B2E2D9 /* BMPlayer.framework in Frameworks */,
			);
			runOnlyForDeploymentPostprocessing = 0;
		};
/* End PBXFrameworksBuildPhase section */

/* Begin PBXGroup section */
		6A7D57141D92D91600D7DEB7 /* Frameworks */ = {
			isa = PBXGroup;
			children = (
				6A7D57171D92D92300D7DEB7 /* SnapKit.framework */,
				6A7D57151D92D91600D7DEB7 /* NVActivityIndicatorView.framework */,
			);
			name = Frameworks;
			sourceTree = "<group>";
		};
		6AB3C7F51D92D2F200B2E2D9 = {
			isa = PBXGroup;
			children = (
				6AB3C8011D92D2F200B2E2D9 /* BMPlayer */,
				6AB3C80C1D92D2F200B2E2D9 /* BMPlayerTests */,
				6AB3C8001D92D2F200B2E2D9 /* Products */,
				6A7D57141D92D91600D7DEB7 /* Frameworks */,
			);
			sourceTree = "<group>";
		};
		6AB3C8001D92D2F200B2E2D9 /* Products */ = {
			isa = PBXGroup;
			children = (
				6AB3C7FF1D92D2F200B2E2D9 /* BMPlayer.framework */,
				6AB3C8081D92D2F200B2E2D9 /* BMPlayerTests.xctest */,
			);
			name = Products;
			sourceTree = "<group>";
		};
		6AB3C8011D92D2F200B2E2D9 /* BMPlayer */ = {
			isa = PBXGroup;
			children = (
				6AB3C82C1D92D37F00B2E2D9 /* Assets */,
				6AB3C81B1D92D37100B2E2D9 /* Classes */,
				6AB3C8021D92D2F200B2E2D9 /* BMPlayer.h */,
				6AB3C8031D92D2F200B2E2D9 /* Info.plist */,
			);
			path = BMPlayer;
			sourceTree = "<group>";
		};
		6AB3C80C1D92D2F200B2E2D9 /* BMPlayerTests */ = {
			isa = PBXGroup;
			children = (
				6AB3C80D1D92D2F200B2E2D9 /* BMPlayerTests.swift */,
				6AB3C80F1D92D2F200B2E2D9 /* Info.plist */,
			);
			path = BMPlayerTests;
			sourceTree = "<group>";
		};
		6AB3C81B1D92D37100B2E2D9 /* Classes */ = {
			isa = PBXGroup;
			children = (
				6AB3C81C1D92D37100B2E2D9 /* .gitkeep */,
				6AB3C81D1D92D37100B2E2D9 /* BMPlayer.swift */,
				6AB3C81E1D92D37100B2E2D9 /* BMPlayerClearityChooseButton.swift */,
				6AB3C81F1D92D37100B2E2D9 /* BMPlayerControlView.swift */,
				6AB3C8201D92D37100B2E2D9 /* BMPlayerItem.swift */,
				6AB3C8211D92D37100B2E2D9 /* BMPlayerLayerView.swift */,
				6AB3C8221D92D37100B2E2D9 /* BMPlayerManager.swift */,
				6AB3C8231D92D37100B2E2D9 /* BMPlayerProtocols.swift */,
			);
			path = Classes;
			sourceTree = "<group>";
		};
		6AB3C82C1D92D37F00B2E2D9 /* Assets */ = {
			isa = PBXGroup;
			children = (
				6AB3C82D1D92D37F00B2E2D9 /* .gitkeep */,
				6AB3C82E1D92D37F00B2E2D9 /* BMPlayer_169@2x.png */,
				6AB3C82F1D92D37F00B2E2D9 /* BMPlayer_169@3x.png */,
				6AB3C8301D92D37F00B2E2D9 /* BMPlayer_43@2x.png */,
				6AB3C8311D92D37F00B2E2D9 /* BMPlayer_43@3x.png */,
				6AB3C8321D92D37F00B2E2D9 /* BMPlayer_back@2x.png */,
				6AB3C8331D92D37F00B2E2D9 /* BMPlayer_back@3x.png */,
				6AB3C8341D92D37F00B2E2D9 /* BMPlayer_fullscreen@2x.png */,
				6AB3C8351D92D37F00B2E2D9 /* BMPlayer_fullscreen@3x.png */,
				6AB3C8361D92D37F00B2E2D9 /* BMPlayer_mask_image@2x.png */,
				6AB3C8371D92D37F00B2E2D9 /* BMPlayer_mask_image@3x.png */,
				6AB3C8381D92D37F00B2E2D9 /* BMPlayer_pause@2x.png */,
				6AB3C8391D92D37F00B2E2D9 /* BMPlayer_pause@3x.png */,
				6AB3C83A1D92D37F00B2E2D9 /* BMPlayer_play@2x.png */,
				6AB3C83B1D92D37F00B2E2D9 /* BMPlayer_play@3x.png */,
				6AB3C83C1D92D37F00B2E2D9 /* BMPlayer_portialscreen@2x.png */,
				6AB3C83D1D92D37F00B2E2D9 /* BMPlayer_portialscreen@3x.png */,
				6AB3C83E1D92D37F00B2E2D9 /* BMPlayer_ratio@2x.png */,
				6AB3C83F1D92D37F00B2E2D9 /* BMPlayer_ratio@3x.png */,
				6AB3C8401D92D37F00B2E2D9 /* BMPlayer_replay@2x.png */,
				6AB3C8411D92D37F00B2E2D9 /* BMPlayer_replay@3x.png */,
				6AB3C8421D92D37F00B2E2D9 /* BMPlayer_seek_to_image@2x.png */,
				6AB3C8431D92D37F00B2E2D9 /* BMPlayer_seek_to_image@3x.png */,
				6AB3C8441D92D37F00B2E2D9 /* BMPlayer_slider_thumb@2x.png */,
				6AB3C8451D92D37F00B2E2D9 /* BMPlayer_slider_thumb@3x.png */,
			);
			name = Assets;
			path = Classes/Assets;
			sourceTree = "<group>";
		};
/* End PBXGroup section */

/* Begin PBXHeadersBuildPhase section */
		6AB3C7FC1D92D2F200B2E2D9 /* Headers */ = {
			isa = PBXHeadersBuildPhase;
			buildActionMask = 2147483647;
			files = (
				6AB3C8101D92D2F200B2E2D9 /* BMPlayer.h in Headers */,
			);
			runOnlyForDeploymentPostprocessing = 0;
		};
/* End PBXHeadersBuildPhase section */

/* Begin PBXNativeTarget section */
		6AB3C7FE1D92D2F200B2E2D9 /* BMPlayer */ = {
			isa = PBXNativeTarget;
			buildConfigurationList = 6AB3C8131D92D2F200B2E2D9 /* Build configuration list for PBXNativeTarget "BMPlayer" */;
			buildPhases = (
				6AB3C7FA1D92D2F200B2E2D9 /* Sources */,
				6AB3C7FB1D92D2F200B2E2D9 /* Frameworks */,
				6AB3C7FC1D92D2F200B2E2D9 /* Headers */,
				6AB3C7FD1D92D2F200B2E2D9 /* Resources */,
				6A7D57191D92D93C00D7DEB7 /* ShellScript */,
			);
			buildRules = (
			);
			dependencies = (
			);
			name = BMPlayer;
			productName = BMPlayer;
			productReference = 6AB3C7FF1D92D2F200B2E2D9 /* BMPlayer.framework */;
			productType = "com.apple.product-type.framework";
		};
		6AB3C8071D92D2F200B2E2D9 /* BMPlayerTests */ = {
			isa = PBXNativeTarget;
			buildConfigurationList = 6AB3C8161D92D2F200B2E2D9 /* Build configuration list for PBXNativeTarget "BMPlayerTests" */;
			buildPhases = (
				6AB3C8041D92D2F200B2E2D9 /* Sources */,
				6AB3C8051D92D2F200B2E2D9 /* Frameworks */,
				6AB3C8061D92D2F200B2E2D9 /* Resources */,
			);
			buildRules = (
			);
			dependencies = (
				6AB3C80B1D92D2F200B2E2D9 /* PBXTargetDependency */,
			);
			name = BMPlayerTests;
			productName = BMPlayerTests;
			productReference = 6AB3C8081D92D2F200B2E2D9 /* BMPlayerTests.xctest */;
			productType = "com.apple.product-type.bundle.unit-test";
		};
/* End PBXNativeTarget section */

/* Begin PBXProject section */
		6AB3C7F61D92D2F200B2E2D9 /* Project object */ = {
			isa = PBXProject;
			attributes = {
				LastSwiftUpdateCheck = 0800;
				LastUpgradeCheck = 0800;
				ORGANIZATIONNAME = BrikerMan;
				TargetAttributes = {
					6AB3C7FE1D92D2F200B2E2D9 = {
						CreatedOnToolsVersion = 8.0;
						ProvisioningStyle = Automatic;
					};
					6AB3C8071D92D2F200B2E2D9 = {
						CreatedOnToolsVersion = 8.0;
						DevelopmentTeam = SMPQ9YA3H4;
						ProvisioningStyle = Automatic;
					};
				};
			};
			buildConfigurationList = 6AB3C7F91D92D2F200B2E2D9 /* Build configuration list for PBXProject "BMPlayer" */;
			compatibilityVersion = "Xcode 3.2";
			developmentRegion = English;
			hasScannedForEncodings = 0;
			knownRegions = (
				en,
			);
			mainGroup = 6AB3C7F51D92D2F200B2E2D9;
			productRefGroup = 6AB3C8001D92D2F200B2E2D9 /* Products */;
			projectDirPath = "";
			projectRoot = "";
			targets = (
				6AB3C7FE1D92D2F200B2E2D9 /* BMPlayer */,
				6AB3C8071D92D2F200B2E2D9 /* BMPlayerTests */,
			);
		};
/* End PBXProject section */

/* Begin PBXResourcesBuildPhase section */
		6AB3C7FD1D92D2F200B2E2D9 /* Resources */ = {
			isa = PBXResourcesBuildPhase;
			buildActionMask = 2147483647;
			files = (
				6AB3C8481D92D37F00B2E2D9 /* BMPlayer_169@3x.png in Resources */,
				6AB3C84D1D92D37F00B2E2D9 /* BMPlayer_fullscreen@2x.png in Resources */,
				6AB3C85C1D92D37F00B2E2D9 /* BMPlayer_seek_to_image@3x.png in Resources */,
				6AB3C85A1D92D37F00B2E2D9 /* BMPlayer_replay@3x.png in Resources */,
				6AB3C84E1D92D37F00B2E2D9 /* BMPlayer_fullscreen@3x.png in Resources */,
				6AB3C85E1D92D37F00B2E2D9 /* BMPlayer_slider_thumb@3x.png in Resources */,
				6AB3C8541D92D37F00B2E2D9 /* BMPlayer_play@3x.png in Resources */,
				6AB3C8531D92D37F00B2E2D9 /* BMPlayer_play@2x.png in Resources */,
				6AB3C8581D92D37F00B2E2D9 /* BMPlayer_ratio@3x.png in Resources */,
				6AB3C8471D92D37F00B2E2D9 /* BMPlayer_169@2x.png in Resources */,
				6AB3C8591D92D37F00B2E2D9 /* BMPlayer_replay@2x.png in Resources */,
				6AB3C85D1D92D37F00B2E2D9 /* BMPlayer_slider_thumb@2x.png in Resources */,
				6AB3C8491D92D37F00B2E2D9 /* BMPlayer_43@2x.png in Resources */,
				6AB3C8511D92D37F00B2E2D9 /* BMPlayer_pause@2x.png in Resources */,
				6AB3C85B1D92D37F00B2E2D9 /* BMPlayer_seek_to_image@2x.png in Resources */,
				6AB3C8501D92D37F00B2E2D9 /* BMPlayer_mask_image@3x.png in Resources */,
				6AB3C8551D92D37F00B2E2D9 /* BMPlayer_portialscreen@2x.png in Resources */,
				6AB3C8241D92D37100B2E2D9 /* .gitkeep in Resources */,
				6AB3C84A1D92D37F00B2E2D9 /* BMPlayer_43@3x.png in Resources */,
				6AB3C84B1D92D37F00B2E2D9 /* BMPlayer_back@2x.png in Resources */,
				6AB3C8571D92D37F00B2E2D9 /* BMPlayer_ratio@2x.png in Resources */,
				6AB3C84C1D92D37F00B2E2D9 /* BMPlayer_back@3x.png in Resources */,
				6AB3C84F1D92D37F00B2E2D9 /* BMPlayer_mask_image@2x.png in Resources */,
				6AB3C8521D92D37F00B2E2D9 /* BMPlayer_pause@3x.png in Resources */,
				6AB3C8461D92D37F00B2E2D9 /* .gitkeep in Resources */,
				6AB3C8561D92D37F00B2E2D9 /* BMPlayer_portialscreen@3x.png in Resources */,
			);
			runOnlyForDeploymentPostprocessing = 0;
		};
		6AB3C8061D92D2F200B2E2D9 /* Resources */ = {
			isa = PBXResourcesBuildPhase;
			buildActionMask = 2147483647;
			files = (
			);
			runOnlyForDeploymentPostprocessing = 0;
		};
/* End PBXResourcesBuildPhase section */

/* Begin PBXShellScriptBuildPhase section */
		6A7D57191D92D93C00D7DEB7 /* ShellScript */ = {
			isa = PBXShellScriptBuildPhase;
			buildActionMask = 2147483647;
			files = (
			);
			inputPaths = (
				"$(SRCROOT)/Carthage/Build/iOS/NVActivityIndicatorView.framework",
				"$(SRCROOT)/Carthage/Build/iOS/SnapKit.framework",
			);
			outputPaths = (
			);
			runOnlyForDeploymentPostprocessing = 0;
			shellPath = /bin/sh;
			shellScript = "/usr/local/bin/carthage copy-frameworks";
		};
/* End PBXShellScriptBuildPhase section */

/* Begin PBXSourcesBuildPhase section */
		6AB3C7FA1D92D2F200B2E2D9 /* Sources */ = {
			isa = PBXSourcesBuildPhase;
			buildActionMask = 2147483647;
			files = (
				6AB3C8281D92D37100B2E2D9 /* BMPlayerItem.swift in Sources */,
				6AB3C82A1D92D37100B2E2D9 /* BMPlayerManager.swift in Sources */,
				6AB3C82B1D92D37100B2E2D9 /* BMPlayerProtocols.swift in Sources */,
				6AB3C8291D92D37100B2E2D9 /* BMPlayerLayerView.swift in Sources */,
				6AB3C8271D92D37100B2E2D9 /* BMPlayerControlView.swift in Sources */,
				6AB3C8251D92D37100B2E2D9 /* BMPlayer.swift in Sources */,
				6AB3C8261D92D37100B2E2D9 /* BMPlayerClearityChooseButton.swift in Sources */,
			);
			runOnlyForDeploymentPostprocessing = 0;
		};
		6AB3C8041D92D2F200B2E2D9 /* Sources */ = {
			isa = PBXSourcesBuildPhase;
			buildActionMask = 2147483647;
			files = (
				6AB3C80E1D92D2F200B2E2D9 /* BMPlayerTests.swift in Sources */,
			);
			runOnlyForDeploymentPostprocessing = 0;
		};
/* End PBXSourcesBuildPhase section */

/* Begin PBXTargetDependency section */
		6AB3C80B1D92D2F200B2E2D9 /* PBXTargetDependency */ = {
			isa = PBXTargetDependency;
			target = 6AB3C7FE1D92D2F200B2E2D9 /* BMPlayer */;
			targetProxy = 6AB3C80A1D92D2F200B2E2D9 /* PBXContainerItemProxy */;
		};
/* End PBXTargetDependency section */

/* Begin XCBuildConfiguration section */
		6AB3C8111D92D2F200B2E2D9 /* Debug */ = {
			isa = XCBuildConfiguration;
			buildSettings = {
				ALWAYS_SEARCH_USER_PATHS = NO;
				CLANG_ANALYZER_NONNULL = YES;
				CLANG_CXX_LANGUAGE_STANDARD = "gnu++0x";
				CLANG_CXX_LIBRARY = "libc++";
				CLANG_ENABLE_MODULES = YES;
				CLANG_ENABLE_OBJC_ARC = YES;
				CLANG_WARN_BOOL_CONVERSION = YES;
				CLANG_WARN_CONSTANT_CONVERSION = YES;
				CLANG_WARN_DIRECT_OBJC_ISA_USAGE = YES_ERROR;
				CLANG_WARN_DOCUMENTATION_COMMENTS = YES;
				CLANG_WARN_EMPTY_BODY = YES;
				CLANG_WARN_ENUM_CONVERSION = YES;
				CLANG_WARN_INFINITE_RECURSION = YES;
				CLANG_WARN_INT_CONVERSION = YES;
				CLANG_WARN_OBJC_ROOT_CLASS = YES_ERROR;
				CLANG_WARN_SUSPICIOUS_MOVES = YES;
				CLANG_WARN_UNREACHABLE_CODE = YES;
				CLANG_WARN__DUPLICATE_METHOD_MATCH = YES;
				"CODE_SIGN_IDENTITY[sdk=iphoneos*]" = "iPhone Developer";
				COPY_PHASE_STRIP = NO;
				CURRENT_PROJECT_VERSION = 1;
				DEBUG_INFORMATION_FORMAT = dwarf;
				ENABLE_STRICT_OBJC_MSGSEND = YES;
				ENABLE_TESTABILITY = YES;
				GCC_C_LANGUAGE_STANDARD = gnu99;
				GCC_DYNAMIC_NO_PIC = NO;
				GCC_NO_COMMON_BLOCKS = YES;
				GCC_OPTIMIZATION_LEVEL = 0;
				GCC_PREPROCESSOR_DEFINITIONS = (
					"DEBUG=1",
					"$(inherited)",
				);
				GCC_WARN_64_TO_32_BIT_CONVERSION = YES;
				GCC_WARN_ABOUT_RETURN_TYPE = YES_ERROR;
				GCC_WARN_UNDECLARED_SELECTOR = YES;
				GCC_WARN_UNINITIALIZED_AUTOS = YES_AGGRESSIVE;
				GCC_WARN_UNUSED_FUNCTION = YES;
				GCC_WARN_UNUSED_VARIABLE = YES;
				IPHONEOS_DEPLOYMENT_TARGET = 10.0;
				MTL_ENABLE_DEBUG_INFO = YES;
				ONLY_ACTIVE_ARCH = YES;
				SDKROOT = iphoneos;
				SWIFT_ACTIVE_COMPILATION_CONDITIONS = DEBUG;
				SWIFT_OPTIMIZATION_LEVEL = "-Onone";
				TARGETED_DEVICE_FAMILY = "1,2";
				VERSIONING_SYSTEM = "apple-generic";
				VERSION_INFO_PREFIX = "";
			};
			name = Debug;
		};
		6AB3C8121D92D2F200B2E2D9 /* Release */ = {
			isa = XCBuildConfiguration;
			buildSettings = {
				ALWAYS_SEARCH_USER_PATHS = NO;
				CLANG_ANALYZER_NONNULL = YES;
				CLANG_CXX_LANGUAGE_STANDARD = "gnu++0x";
				CLANG_CXX_LIBRARY = "libc++";
				CLANG_ENABLE_MODULES = YES;
				CLANG_ENABLE_OBJC_ARC = YES;
				CLANG_WARN_BOOL_CONVERSION = YES;
				CLANG_WARN_CONSTANT_CONVERSION = YES;
				CLANG_WARN_DIRECT_OBJC_ISA_USAGE = YES_ERROR;
				CLANG_WARN_DOCUMENTATION_COMMENTS = YES;
				CLANG_WARN_EMPTY_BODY = YES;
				CLANG_WARN_ENUM_CONVERSION = YES;
				CLANG_WARN_INFINITE_RECURSION = YES;
				CLANG_WARN_INT_CONVERSION = YES;
				CLANG_WARN_OBJC_ROOT_CLASS = YES_ERROR;
				CLANG_WARN_SUSPICIOUS_MOVES = YES;
				CLANG_WARN_UNREACHABLE_CODE = YES;
				CLANG_WARN__DUPLICATE_METHOD_MATCH = YES;
				"CODE_SIGN_IDENTITY[sdk=iphoneos*]" = "iPhone Developer";
				COPY_PHASE_STRIP = NO;
				CURRENT_PROJECT_VERSION = 1;
				DEBUG_INFORMATION_FORMAT = "dwarf-with-dsym";
				ENABLE_NS_ASSERTIONS = NO;
				ENABLE_STRICT_OBJC_MSGSEND = YES;
				GCC_C_LANGUAGE_STANDARD = gnu99;
				GCC_NO_COMMON_BLOCKS = YES;
				GCC_WARN_64_TO_32_BIT_CONVERSION = YES;
				GCC_WARN_ABOUT_RETURN_TYPE = YES_ERROR;
				GCC_WARN_UNDECLARED_SELECTOR = YES;
				GCC_WARN_UNINITIALIZED_AUTOS = YES_AGGRESSIVE;
				GCC_WARN_UNUSED_FUNCTION = YES;
				GCC_WARN_UNUSED_VARIABLE = YES;
				IPHONEOS_DEPLOYMENT_TARGET = 10.0;
				MTL_ENABLE_DEBUG_INFO = NO;
				SDKROOT = iphoneos;
				SWIFT_OPTIMIZATION_LEVEL = "-Owholemodule";
				TARGETED_DEVICE_FAMILY = "1,2";
				VALIDATE_PRODUCT = YES;
				VERSIONING_SYSTEM = "apple-generic";
				VERSION_INFO_PREFIX = "";
			};
			name = Release;
		};
		6AB3C8141D92D2F200B2E2D9 /* Debug */ = {
			isa = XCBuildConfiguration;
			buildSettings = {
				CODE_SIGN_IDENTITY = "";
				DEFINES_MODULE = YES;
				DEVELOPMENT_TEAM = "";
				DYLIB_COMPATIBILITY_VERSION = 1;
				DYLIB_CURRENT_VERSION = 1;
				DYLIB_INSTALL_NAME_BASE = "@rpath";
				FRAMEWORK_SEARCH_PATHS = (
					"$(inherited)",
					"$(PROJECT_DIR)/Carthage/Build/iOS",
				);
				INFOPLIST_FILE = BMPlayer/Info.plist;
				INSTALL_PATH = "$(LOCAL_LIBRARY_DIR)/Frameworks";
				LD_RUNPATH_SEARCH_PATHS = "$(inherited) @executable_path/Frameworks @loader_path/Frameworks";
				PRODUCT_BUNDLE_IDENTIFIER = com.eliyar.BMPlayer;
				PRODUCT_NAME = "$(TARGET_NAME)";
				SKIP_INSTALL = YES;
				SWIFT_VERSION = 3.0;
			};
			name = Debug;
		};
		6AB3C8151D92D2F200B2E2D9 /* Release */ = {
			isa = XCBuildConfiguration;
			buildSettings = {
				CODE_SIGN_IDENTITY = "";
				DEFINES_MODULE = YES;
				DEVELOPMENT_TEAM = "";
				DYLIB_COMPATIBILITY_VERSION = 1;
				DYLIB_CURRENT_VERSION = 1;
				DYLIB_INSTALL_NAME_BASE = "@rpath";
				FRAMEWORK_SEARCH_PATHS = (
					"$(inherited)",
					"$(PROJECT_DIR)/Carthage/Build/iOS",
				);
				INFOPLIST_FILE = BMPlayer/Info.plist;
				INSTALL_PATH = "$(LOCAL_LIBRARY_DIR)/Frameworks";
				LD_RUNPATH_SEARCH_PATHS = "$(inherited) @executable_path/Frameworks @loader_path/Frameworks";
				PRODUCT_BUNDLE_IDENTIFIER = com.eliyar.BMPlayer;
				PRODUCT_NAME = "$(TARGET_NAME)";
				SKIP_INSTALL = YES;
				SWIFT_VERSION = 3.0;
			};
			name = Release;
		};
		6AB3C8171D92D2F200B2E2D9 /* Debug */ = {
			isa = XCBuildConfiguration;
			buildSettings = {
				ALWAYS_EMBED_SWIFT_STANDARD_LIBRARIES = YES;
				DEVELOPMENT_TEAM = SMPQ9YA3H4;
				INFOPLIST_FILE = BMPlayerTests/Info.plist;
				LD_RUNPATH_SEARCH_PATHS = "$(inherited) @executable_path/Frameworks @loader_path/Frameworks";
				PRODUCT_BUNDLE_IDENTIFIER = com.eliyar.BMPlayerTests;
				PRODUCT_NAME = "$(TARGET_NAME)";
				SWIFT_VERSION = 3.0;
			};
			name = Debug;
		};
		6AB3C8181D92D2F200B2E2D9 /* Release */ = {
			isa = XCBuildConfiguration;
			buildSettings = {
				ALWAYS_EMBED_SWIFT_STANDARD_LIBRARIES = YES;
				DEVELOPMENT_TEAM = SMPQ9YA3H4;
				INFOPLIST_FILE = BMPlayerTests/Info.plist;
				LD_RUNPATH_SEARCH_PATHS = "$(inherited) @executable_path/Frameworks @loader_path/Frameworks";
				PRODUCT_BUNDLE_IDENTIFIER = com.eliyar.BMPlayerTests;
				PRODUCT_NAME = "$(TARGET_NAME)";
				SWIFT_VERSION = 3.0;
			};
			name = Release;
		};
/* End XCBuildConfiguration section */

/* Begin XCConfigurationList section */
		6AB3C7F91D92D2F200B2E2D9 /* Build configuration list for PBXProject "BMPlayer" */ = {
			isa = XCConfigurationList;
			buildConfigurations = (
				6AB3C8111D92D2F200B2E2D9 /* Debug */,
				6AB3C8121D92D2F200B2E2D9 /* Release */,
			);
			defaultConfigurationIsVisible = 0;
			defaultConfigurationName = Release;
		};
		6AB3C8131D92D2F200B2E2D9 /* Build configuration list for PBXNativeTarget "BMPlayer" */ = {
			isa = XCConfigurationList;
			buildConfigurations = (
				6AB3C8141D92D2F200B2E2D9 /* Debug */,
				6AB3C8151D92D2F200B2E2D9 /* Release */,
			);
			defaultConfigurationIsVisible = 0;
			defaultConfigurationName = Release;
		};
		6AB3C8161D92D2F200B2E2D9 /* Build configuration list for PBXNativeTarget "BMPlayerTests" */ = {
			isa = XCConfigurationList;
			buildConfigurations = (
				6AB3C8171D92D2F200B2E2D9 /* Debug */,
				6AB3C8181D92D2F200B2E2D9 /* Release */,
			);
			defaultConfigurationIsVisible = 0;
			defaultConfigurationName = Release;
		};
/* End XCConfigurationList section */
	};
	rootObject = 6AB3C7F61D92D2F200B2E2D9 /* Project object */;
}
